
Microsoft Visual Studio Solution File, Format Version 12.00
# Visual Studio Version 17
VisualStudioVersion = 17.5.002.0
MinimumVisualStudioVersion = 10.0.40219.1
Project("{9A19103F-16F7-4668-BE54-9A1E7A4F7556}") = "Foxtrot", "Foxtrot.csproj", "{6C57BC73-8087-4B2F-8DE2-DAA9CF29C8C6}"
EndProject
Global
	GlobalSection(SolutionConfigurationPlatforms) = preSolution
		Debug|Any CPU = Debug|Any CPU
		Release|Any CPU = Release|Any CPU
	EndGlobalSection
	GlobalSection(ProjectConfigurationPlatforms) = postSolution
		{6C57BC73-8087-4B2F-8DE2-DAA9CF29C8C6}.Debug|Any CPU.ActiveCfg = Debug|Any CPU
		{6C57BC73-8087-4B2F-8DE2-DAA9CF29C8C6}.Debug|Any CPU.Build.0 = Debug|Any CPU
		{6C57BC73-8087-4B2F-8DE2-DAA9CF29C8C6}.Release|Any CPU.ActiveCfg = Release|Any CPU
		{6C57BC73-8087-4B2F-8DE2-DAA9CF29C8C6}.Release|Any CPU.Build.0 = Release|Any CPU
	EndGlobalSection
	GlobalSection(SolutionProperties) = preSolution
		HideSolutionNode = FALSE
	EndGlobalSection
	GlobalSection(ExtensibilityGlobals) = postSolution
		SolutionGuid = {7BF59562-6F1F-49BF-ABA9-22DEC13F3B28}
	EndGlobalSection
EndGlobal
